// !$*UTF8*$!
{
	archiveVersion = 1;
	classes = {
	};
	objectVersion = 50;
	objects = {

/* Begin PBXBuildFile section */
		A10A8C4D99CF7CF51262BF62 /* Pods_SwiftUIProgramingTests.framework in Frameworks */ = {isa = PBXBuildFile; fileRef = 96B0B6DF3E4C9E1779082325 /* Pods_SwiftUIProgramingTests.framework */; };
		D782310724E487C9005EDA60 /* ViewModelObject.swift in Sources */ = {isa = PBXBuildFile; fileRef = D782310624E487C9005EDA60 /* ViewModelObject.swift */; };
		D782310924E48875005EDA60 /* SignUpViewModel.swift in Sources */ = {isa = PBXBuildFile; fileRef = D782310824E48875005EDA60 /* SignUpViewModel.swift */; };
		D782310B24E488A9005EDA60 /* SignUpView.swift in Sources */ = {isa = PBXBuildFile; fileRef = D782310A24E488A9005EDA60 /* SignUpView.swift */; };
		D78DCC35E1EFFEA8F17ECFF3 /* Pods_SwiftUIPrograming_SwiftUIProgramingUITests.framework in Frameworks */ = {isa = PBXBuildFile; fileRef = A31141A9C66B486583F622B2 /* Pods_SwiftUIPrograming_SwiftUIProgramingUITests.framework */; };
		D79F284B24E1387B00288CBC /* WeeklyWeatherView.swift in Sources */ = {isa = PBXBuildFile; fileRef = D79F283424E1387B00288CBC /* WeeklyWeatherView.swift */; };
		D79F284C24E1387B00288CBC /* WeeklyWeatherBuilder.swift in Sources */ = {isa = PBXBuildFile; fileRef = D79F283524E1387B00288CBC /* WeeklyWeatherBuilder.swift */; };
		D79F284D24E1387B00288CBC /* WeeklyWeatherViewModel.swift in Sources */ = {isa = PBXBuildFile; fileRef = D79F283624E1387B00288CBC /* WeeklyWeatherViewModel.swift */; };
		D79F284E24E1387B00288CBC /* DailyWeatherRow.swift in Sources */ = {isa = PBXBuildFile; fileRef = D79F283724E1387B00288CBC /* DailyWeatherRow.swift */; };
		D79F284F24E1387B00288CBC /* DailyWeatherRowViewModel.swift in Sources */ = {isa = PBXBuildFile; fileRef = D79F283824E1387B00288CBC /* DailyWeatherRowViewModel.swift */; };
		D79F285024E1387B00288CBC /* Array+Filtering.swift in Sources */ = {isa = PBXBuildFile; fileRef = D79F283B24E1387B00288CBC /* Array+Filtering.swift */; };
		D79F285124E1387B00288CBC /* MapView.swift in Sources */ = {isa = PBXBuildFile; fileRef = D79F283D24E1387B00288CBC /* MapView.swift */; };
		D79F285224E1387B00288CBC /* Formatters.swift in Sources */ = {isa = PBXBuildFile; fileRef = D79F283F24E1387B00288CBC /* Formatters.swift */; };
		D79F285324E1387B00288CBC /* Parsing.swift in Sources */ = {isa = PBXBuildFile; fileRef = D79F284124E1387B00288CBC /* Parsing.swift */; };
		D79F285424E1387B00288CBC /* CurrentWeatherViewModel.swift in Sources */ = {isa = PBXBuildFile; fileRef = D79F284324E1387B00288CBC /* CurrentWeatherViewModel.swift */; };
		D79F285524E1387B00288CBC /* CurrentWeatherRow.swift in Sources */ = {isa = PBXBuildFile; fileRef = D79F284424E1387B00288CBC /* CurrentWeatherRow.swift */; };
		D79F285624E1387B00288CBC /* CurrentWeatherView.swift in Sources */ = {isa = PBXBuildFile; fileRef = D79F284524E1387B00288CBC /* CurrentWeatherView.swift */; };
		D79F285724E1387B00288CBC /* CurrentWeatherRowViewModel.swift in Sources */ = {isa = PBXBuildFile; fileRef = D79F284624E1387B00288CBC /* CurrentWeatherRowViewModel.swift */; };
		D79F285824E1387B00288CBC /* WeatherError.swift in Sources */ = {isa = PBXBuildFile; fileRef = D79F284824E1387B00288CBC /* WeatherError.swift */; };
		D79F285924E1387B00288CBC /* Responses.swift in Sources */ = {isa = PBXBuildFile; fileRef = D79F284924E1387B00288CBC /* Responses.swift */; };
		D79F285A24E1387B00288CBC /* WeatherFetcher.swift in Sources */ = {isa = PBXBuildFile; fileRef = D79F284A24E1387B00288CBC /* WeatherFetcher.swift */; };
		D7A24E8124E0CC0E00AA1D4B /* CustomBuilder.swift in Sources */ = {isa = PBXBuildFile; fileRef = D7A24E8024E0CC0E00AA1D4B /* CustomBuilder.swift */; };
		D7A24E8324E0CE7100AA1D4B /* CustomModifier.swift in Sources */ = {isa = PBXBuildFile; fileRef = D7A24E8224E0CE7100AA1D4B /* CustomModifier.swift */; };
		D7A456A324DD3F9900462F94 /* AppDelegate.swift in Sources */ = {isa = PBXBuildFile; fileRef = D7A456A224DD3F9900462F94 /* AppDelegate.swift */; };
		D7A456A524DD3F9900462F94 /* SceneDelegate.swift in Sources */ = {isa = PBXBuildFile; fileRef = D7A456A424DD3F9900462F94 /* SceneDelegate.swift */; };
		D7A456A724DD3F9900462F94 /* ContentView.swift in Sources */ = {isa = PBXBuildFile; fileRef = D7A456A624DD3F9900462F94 /* ContentView.swift */; };
		D7A456A924DD3F9B00462F94 /* Assets.xcassets in Resources */ = {isa = PBXBuildFile; fileRef = D7A456A824DD3F9B00462F94 /* Assets.xcassets */; };
		D7A456AC24DD3F9B00462F94 /* Preview Assets.xcassets in Resources */ = {isa = PBXBuildFile; fileRef = D7A456AB24DD3F9B00462F94 /* Preview Assets.xcassets */; };
		D7A456AF24DD3F9B00462F94 /* LaunchScreen.storyboard in Resources */ = {isa = PBXBuildFile; fileRef = D7A456AD24DD3F9B00462F94 /* LaunchScreen.storyboard */; };
		D7A456BA24DD3F9B00462F94 /* SwiftUIProgramingTests.swift in Sources */ = {isa = PBXBuildFile; fileRef = D7A456B924DD3F9B00462F94 /* SwiftUIProgramingTests.swift */; };
		D7A456C524DD3F9B00462F94 /* SwiftUIProgramingUITests.swift in Sources */ = {isa = PBXBuildFile; fileRef = D7A456C424DD3F9B00462F94 /* SwiftUIProgramingUITests.swift */; };
		D7A456D424DD40E100462F94 /* .swiftlint.yml in Resources */ = {isa = PBXBuildFile; fileRef = D7A456D324DD40E100462F94 /* .swiftlint.yml */; };
		D7A456D724DD52BF00462F94 /* Podfile in Resources */ = {isa = PBXBuildFile; fileRef = D7A456D624DD52BF00462F94 /* Podfile */; };
		D7C8E06624DFBE5A00406032 /* DetailView.swift in Sources */ = {isa = PBXBuildFile; fileRef = D7C8E06424DFBE5A00406032 /* DetailView.swift */; };
		D7C8E06724DFBE5A00406032 /* ItemView.swift in Sources */ = {isa = PBXBuildFile; fileRef = D7C8E06524DFBE5A00406032 /* ItemView.swift */; };
		D7C8E06924DFBE6D00406032 /* ColorView.swift in Sources */ = {isa = PBXBuildFile; fileRef = D7C8E06824DFBE6D00406032 /* ColorView.swift */; };
		D7C8E06F24DFBFD600406032 /* CounterView.swift in Sources */ = {isa = PBXBuildFile; fileRef = D7C8E06E24DFBFD500406032 /* CounterView.swift */; };
		D7C8E07124DFBFF200406032 /* ButtonView.swift in Sources */ = {isa = PBXBuildFile; fileRef = D7C8E07024DFBFF200406032 /* ButtonView.swift */; };
		D7C8E07324DFC03600406032 /* FormView.swift in Sources */ = {isa = PBXBuildFile; fileRef = D7C8E07224DFC03600406032 /* FormView.swift */; };
		D7C8E08624DFC5FC00406032 /* LoremViewModel.swift in Sources */ = {isa = PBXBuildFile; fileRef = D7C8E08524DFC5FC00406032 /* LoremViewModel.swift */; };
		D7C8E08924DFC76800406032 /* LoremView.swift in Sources */ = {isa = PBXBuildFile; fileRef = D7C8E08824DFC76800406032 /* LoremView.swift */; };
		D7C8E0BC24E018DA00406032 /* LoremService.swift in Sources */ = {isa = PBXBuildFile; fileRef = D7C8E0BB24E018DA00406032 /* LoremService.swift */; };
/* End PBXBuildFile section */

/* Begin PBXContainerItemProxy section */
		D7A456B624DD3F9B00462F94 /* PBXContainerItemProxy */ = {
			isa = PBXContainerItemProxy;
			containerPortal = D7A4569724DD3F9900462F94 /* Project object */;
			proxyType = 1;
			remoteGlobalIDString = D7A4569E24DD3F9900462F94;
			remoteInfo = SwiftUIPrograming;
		};
		D7A456C124DD3F9B00462F94 /* PBXContainerItemProxy */ = {
			isa = PBXContainerItemProxy;
			containerPortal = D7A4569724DD3F9900462F94 /* Project object */;
			proxyType = 1;
			remoteGlobalIDString = D7A4569E24DD3F9900462F94;
			remoteInfo = SwiftUIPrograming;
		};
/* End PBXContainerItemProxy section */

/* Begin PBXFileReference section */
		0F521FB8C31A5BFDF41027C7 /* Pods-SwiftUIProgramingTests.debug.xcconfig */ = {isa = PBXFileReference; includeInIndex = 1; lastKnownFileType = text.xcconfig; name = "Pods-SwiftUIProgramingTests.debug.xcconfig"; path = "Target Support Files/Pods-SwiftUIProgramingTests/Pods-SwiftUIProgramingTests.debug.xcconfig"; sourceTree = "<group>"; };
		22109CE63C4466BEB44B9D5C /* Pods_SwiftUIPrograming.framework */ = {isa = PBXFileReference; explicitFileType = wrapper.framework; includeInIndex = 0; path = Pods_SwiftUIPrograming.framework; sourceTree = BUILT_PRODUCTS_DIR; };
		2D566CB0BBB04AA999D1B167 /* Pods-SwiftUIPrograming.debug.xcconfig */ = {isa = PBXFileReference; includeInIndex = 1; lastKnownFileType = text.xcconfig; name = "Pods-SwiftUIPrograming.debug.xcconfig"; path = "Target Support Files/Pods-SwiftUIPrograming/Pods-SwiftUIPrograming.debug.xcconfig"; sourceTree = "<group>"; };
		3C3489B70EF333D6FA04D76A /* Pods-SwiftUIPrograming.release.xcconfig */ = {isa = PBXFileReference; includeInIndex = 1; lastKnownFileType = text.xcconfig; name = "Pods-SwiftUIPrograming.release.xcconfig"; path = "Target Support Files/Pods-SwiftUIPrograming/Pods-SwiftUIPrograming.release.xcconfig"; sourceTree = "<group>"; };
		8DD3172B30617643C7E43F2F /* Pods-SwiftUIPrograming-SwiftUIProgramingUITests.debug.xcconfig */ = {isa = PBXFileReference; includeInIndex = 1; lastKnownFileType = text.xcconfig; name = "Pods-SwiftUIPrograming-SwiftUIProgramingUITests.debug.xcconfig"; path = "Target Support Files/Pods-SwiftUIPrograming-SwiftUIProgramingUITests/Pods-SwiftUIPrograming-SwiftUIProgramingUITests.debug.xcconfig"; sourceTree = "<group>"; };
		96B0B6DF3E4C9E1779082325 /* Pods_SwiftUIProgramingTests.framework */ = {isa = PBXFileReference; explicitFileType = wrapper.framework; includeInIndex = 0; path = Pods_SwiftUIProgramingTests.framework; sourceTree = BUILT_PRODUCTS_DIR; };
		A31141A9C66B486583F622B2 /* Pods_SwiftUIPrograming_SwiftUIProgramingUITests.framework */ = {isa = PBXFileReference; explicitFileType = wrapper.framework; includeInIndex = 0; path = Pods_SwiftUIPrograming_SwiftUIProgramingUITests.framework; sourceTree = BUILT_PRODUCTS_DIR; };
		A46F18E92607E2D1F5A9FCFF /* Pods-SwiftUIProgramingTests.release.xcconfig */ = {isa = PBXFileReference; includeInIndex = 1; lastKnownFileType = text.xcconfig; name = "Pods-SwiftUIProgramingTests.release.xcconfig"; path = "Target Support Files/Pods-SwiftUIProgramingTests/Pods-SwiftUIProgramingTests.release.xcconfig"; sourceTree = "<group>"; };
		A6FF9A51F832944AAF250B3D /* Pods-SwiftUIPrograming-SwiftUIProgramingUITests.release.xcconfig */ = {isa = PBXFileReference; includeInIndex = 1; lastKnownFileType = text.xcconfig; name = "Pods-SwiftUIPrograming-SwiftUIProgramingUITests.release.xcconfig"; path = "Target Support Files/Pods-SwiftUIPrograming-SwiftUIProgramingUITests/Pods-SwiftUIPrograming-SwiftUIProgramingUITests.release.xcconfig"; sourceTree = "<group>"; };
		D782310624E487C9005EDA60 /* ViewModelObject.swift */ = {isa = PBXFileReference; lastKnownFileType = sourcecode.swift; path = ViewModelObject.swift; sourceTree = "<group>"; };
		D782310824E48875005EDA60 /* SignUpViewModel.swift */ = {isa = PBXFileReference; lastKnownFileType = sourcecode.swift; path = SignUpViewModel.swift; sourceTree = "<group>"; };
		D782310A24E488A9005EDA60 /* SignUpView.swift */ = {isa = PBXFileReference; lastKnownFileType = sourcecode.swift; path = SignUpView.swift; sourceTree = "<group>"; };
		D79F283424E1387B00288CBC /* WeeklyWeatherView.swift */ = {isa = PBXFileReference; fileEncoding = 4; lastKnownFileType = sourcecode.swift; path = WeeklyWeatherView.swift; sourceTree = "<group>"; };
		D79F283524E1387B00288CBC /* WeeklyWeatherBuilder.swift */ = {isa = PBXFileReference; fileEncoding = 4; lastKnownFileType = sourcecode.swift; path = WeeklyWeatherBuilder.swift; sourceTree = "<group>"; };
		D79F283624E1387B00288CBC /* WeeklyWeatherViewModel.swift */ = {isa = PBXFileReference; fileEncoding = 4; lastKnownFileType = sourcecode.swift; path = WeeklyWeatherViewModel.swift; sourceTree = "<group>"; };
		D79F283724E1387B00288CBC /* DailyWeatherRow.swift */ = {isa = PBXFileReference; fileEncoding = 4; lastKnownFileType = sourcecode.swift; path = DailyWeatherRow.swift; sourceTree = "<group>"; };
		D79F283824E1387B00288CBC /* DailyWeatherRowViewModel.swift */ = {isa = PBXFileReference; fileEncoding = 4; lastKnownFileType = sourcecode.swift; path = DailyWeatherRowViewModel.swift; sourceTree = "<group>"; };
		D79F283B24E1387B00288CBC /* Array+Filtering.swift */ = {isa = PBXFileReference; fileEncoding = 4; lastKnownFileType = sourcecode.swift; path = "Array+Filtering.swift"; sourceTree = "<group>"; };
		D79F283D24E1387B00288CBC /* MapView.swift */ = {isa = PBXFileReference; fileEncoding = 4; lastKnownFileType = sourcecode.swift; path = MapView.swift; sourceTree = "<group>"; };
		D79F283F24E1387B00288CBC /* Formatters.swift */ = {isa = PBXFileReference; fileEncoding = 4; lastKnownFileType = sourcecode.swift; path = Formatters.swift; sourceTree = "<group>"; };
		D79F284124E1387B00288CBC /* Parsing.swift */ = {isa = PBXFileReference; fileEncoding = 4; lastKnownFileType = sourcecode.swift; path = Parsing.swift; sourceTree = "<group>"; };
		D79F284324E1387B00288CBC /* CurrentWeatherViewModel.swift */ = {isa = PBXFileReference; fileEncoding = 4; lastKnownFileType = sourcecode.swift; path = CurrentWeatherViewModel.swift; sourceTree = "<group>"; };
		D79F284424E1387B00288CBC /* CurrentWeatherRow.swift */ = {isa = PBXFileReference; fileEncoding = 4; lastKnownFileType = sourcecode.swift; path = CurrentWeatherRow.swift; sourceTree = "<group>"; };
		D79F284524E1387B00288CBC /* CurrentWeatherView.swift */ = {isa = PBXFileReference; fileEncoding = 4; lastKnownFileType = sourcecode.swift; path = CurrentWeatherView.swift; sourceTree = "<group>"; };
		D79F284624E1387B00288CBC /* CurrentWeatherRowViewModel.swift */ = {isa = PBXFileReference; fileEncoding = 4; lastKnownFileType = sourcecode.swift; path = CurrentWeatherRowViewModel.swift; sourceTree = "<group>"; };
		D79F284824E1387B00288CBC /* WeatherError.swift */ = {isa = PBXFileReference; fileEncoding = 4; lastKnownFileType = sourcecode.swift; path = WeatherError.swift; sourceTree = "<group>"; };
		D79F284924E1387B00288CBC /* Responses.swift */ = {isa = PBXFileReference; fileEncoding = 4; lastKnownFileType = sourcecode.swift; path = Responses.swift; sourceTree = "<group>"; };
		D79F284A24E1387B00288CBC /* WeatherFetcher.swift */ = {isa = PBXFileReference; fileEncoding = 4; lastKnownFileType = sourcecode.swift; path = WeatherFetcher.swift; sourceTree = "<group>"; };
		D7A24E8024E0CC0E00AA1D4B /* CustomBuilder.swift */ = {isa = PBXFileReference; lastKnownFileType = sourcecode.swift; path = CustomBuilder.swift; sourceTree = "<group>"; };
		D7A24E8224E0CE7100AA1D4B /* CustomModifier.swift */ = {isa = PBXFileReference; lastKnownFileType = sourcecode.swift; path = CustomModifier.swift; sourceTree = "<group>"; };
		D7A4569F24DD3F9900462F94 /* SwiftUIPrograming.app */ = {isa = PBXFileReference; explicitFileType = wrapper.application; includeInIndex = 0; path = SwiftUIPrograming.app; sourceTree = BUILT_PRODUCTS_DIR; };
		D7A456A224DD3F9900462F94 /* AppDelegate.swift */ = {isa = PBXFileReference; lastKnownFileType = sourcecode.swift; path = AppDelegate.swift; sourceTree = "<group>"; };
		D7A456A424DD3F9900462F94 /* SceneDelegate.swift */ = {isa = PBXFileReference; lastKnownFileType = sourcecode.swift; path = SceneDelegate.swift; sourceTree = "<group>"; };
		D7A456A624DD3F9900462F94 /* ContentView.swift */ = {isa = PBXFileReference; lastKnownFileType = sourcecode.swift; path = ContentView.swift; sourceTree = "<group>"; };
		D7A456A824DD3F9B00462F94 /* Assets.xcassets */ = {isa = PBXFileReference; lastKnownFileType = folder.assetcatalog; path = Assets.xcassets; sourceTree = "<group>"; };
		D7A456AB24DD3F9B00462F94 /* Preview Assets.xcassets */ = {isa = PBXFileReference; lastKnownFileType = folder.assetcatalog; path = "Preview Assets.xcassets"; sourceTree = "<group>"; };
		D7A456AE24DD3F9B00462F94 /* Base */ = {isa = PBXFileReference; lastKnownFileType = file.storyboard; name = Base; path = Base.lproj/LaunchScreen.storyboard; sourceTree = "<group>"; };
		D7A456B024DD3F9B00462F94 /* Info.plist */ = {isa = PBXFileReference; lastKnownFileType = text.plist.xml; path = Info.plist; sourceTree = "<group>"; };
		D7A456B524DD3F9B00462F94 /* SwiftUIProgramingTests.xctest */ = {isa = PBXFileReference; explicitFileType = wrapper.cfbundle; includeInIndex = 0; path = SwiftUIProgramingTests.xctest; sourceTree = BUILT_PRODUCTS_DIR; };
		D7A456B924DD3F9B00462F94 /* SwiftUIProgramingTests.swift */ = {isa = PBXFileReference; lastKnownFileType = sourcecode.swift; path = SwiftUIProgramingTests.swift; sourceTree = "<group>"; };
		D7A456BB24DD3F9B00462F94 /* Info.plist */ = {isa = PBXFileReference; lastKnownFileType = text.plist.xml; path = Info.plist; sourceTree = "<group>"; };
		D7A456C024DD3F9B00462F94 /* SwiftUIProgramingUITests.xctest */ = {isa = PBXFileReference; explicitFileType = wrapper.cfbundle; includeInIndex = 0; path = SwiftUIProgramingUITests.xctest; sourceTree = BUILT_PRODUCTS_DIR; };
		D7A456C424DD3F9B00462F94 /* SwiftUIProgramingUITests.swift */ = {isa = PBXFileReference; lastKnownFileType = sourcecode.swift; path = SwiftUIProgramingUITests.swift; sourceTree = "<group>"; };
		D7A456C624DD3F9B00462F94 /* Info.plist */ = {isa = PBXFileReference; lastKnownFileType = text.plist.xml; path = Info.plist; sourceTree = "<group>"; };
		D7A456D324DD40E100462F94 /* .swiftlint.yml */ = {isa = PBXFileReference; lastKnownFileType = text.yaml; path = .swiftlint.yml; sourceTree = "<group>"; };
		D7A456D624DD52BF00462F94 /* Podfile */ = {isa = PBXFileReference; fileEncoding = 4; lastKnownFileType = text; path = Podfile; sourceTree = "<group>"; };
		D7C8E06424DFBE5A00406032 /* DetailView.swift */ = {isa = PBXFileReference; fileEncoding = 4; lastKnownFileType = sourcecode.swift; path = DetailView.swift; sourceTree = "<group>"; };
		D7C8E06524DFBE5A00406032 /* ItemView.swift */ = {isa = PBXFileReference; fileEncoding = 4; lastKnownFileType = sourcecode.swift; path = ItemView.swift; sourceTree = "<group>"; };
		D7C8E06824DFBE6D00406032 /* ColorView.swift */ = {isa = PBXFileReference; lastKnownFileType = sourcecode.swift; path = ColorView.swift; sourceTree = "<group>"; };
		D7C8E06E24DFBFD500406032 /* CounterView.swift */ = {isa = PBXFileReference; fileEncoding = 4; lastKnownFileType = sourcecode.swift; path = CounterView.swift; sourceTree = "<group>"; };
		D7C8E07024DFBFF200406032 /* ButtonView.swift */ = {isa = PBXFileReference; lastKnownFileType = sourcecode.swift; path = ButtonView.swift; sourceTree = "<group>"; };
		D7C8E07224DFC03600406032 /* FormView.swift */ = {isa = PBXFileReference; lastKnownFileType = sourcecode.swift; path = FormView.swift; sourceTree = "<group>"; };
		D7C8E08524DFC5FC00406032 /* LoremViewModel.swift */ = {isa = PBXFileReference; fileEncoding = 4; lastKnownFileType = sourcecode.swift; path = LoremViewModel.swift; sourceTree = "<group>"; };
		D7C8E08824DFC76800406032 /* LoremView.swift */ = {isa = PBXFileReference; lastKnownFileType = sourcecode.swift; path = LoremView.swift; sourceTree = "<group>"; };
		D7C8E0BB24E018DA00406032 /* LoremService.swift */ = {isa = PBXFileReference; fileEncoding = 4; lastKnownFileType = sourcecode.swift; path = LoremService.swift; sourceTree = "<group>"; };
/* End PBXFileReference section */

/* Begin PBXFrameworksBuildPhase section */
		D7A4569C24DD3F9900462F94 /* Frameworks */ = {
			isa = PBXFrameworksBuildPhase;
			buildActionMask = 2147483647;
			files = (
			);
			runOnlyForDeploymentPostprocessing = 0;
		};
		D7A456B224DD3F9B00462F94 /* Frameworks */ = {
			isa = PBXFrameworksBuildPhase;
			buildActionMask = 2147483647;
			files = (
				A10A8C4D99CF7CF51262BF62 /* Pods_SwiftUIProgramingTests.framework in Frameworks */,
			);
			runOnlyForDeploymentPostprocessing = 0;
		};
		D7A456BD24DD3F9B00462F94 /* Frameworks */ = {
			isa = PBXFrameworksBuildPhase;
			buildActionMask = 2147483647;
			files = (
				D78DCC35E1EFFEA8F17ECFF3 /* Pods_SwiftUIPrograming_SwiftUIProgramingUITests.framework in Frameworks */,
			);
			runOnlyForDeploymentPostprocessing = 0;
		};
/* End PBXFrameworksBuildPhase section */

/* Begin PBXGroup section */
		074BC5405B73EBD8FC81542C /* Frameworks */ = {
			isa = PBXGroup;
			children = (
				22109CE63C4466BEB44B9D5C /* Pods_SwiftUIPrograming.framework */,
				A31141A9C66B486583F622B2 /* Pods_SwiftUIPrograming_SwiftUIProgramingUITests.framework */,
				96B0B6DF3E4C9E1779082325 /* Pods_SwiftUIProgramingTests.framework */,
			);
			name = Frameworks;
			sourceTree = "<group>";
		};
		5EC3E9FBEB5F54050937310A /* Pods */ = {
			isa = PBXGroup;
			children = (
				2D566CB0BBB04AA999D1B167 /* Pods-SwiftUIPrograming.debug.xcconfig */,
				3C3489B70EF333D6FA04D76A /* Pods-SwiftUIPrograming.release.xcconfig */,
				8DD3172B30617643C7E43F2F /* Pods-SwiftUIPrograming-SwiftUIProgramingUITests.debug.xcconfig */,
				A6FF9A51F832944AAF250B3D /* Pods-SwiftUIPrograming-SwiftUIProgramingUITests.release.xcconfig */,
				0F521FB8C31A5BFDF41027C7 /* Pods-SwiftUIProgramingTests.debug.xcconfig */,
				A46F18E92607E2D1F5A9FCFF /* Pods-SwiftUIProgramingTests.release.xcconfig */,
			);
			path = Pods;
			sourceTree = "<group>";
		};
		D782310524E487A7005EDA60 /* Login */ = {
			isa = PBXGroup;
			children = (
				D782310624E487C9005EDA60 /* ViewModelObject.swift */,
				D782310824E48875005EDA60 /* SignUpViewModel.swift */,
				D782310A24E488A9005EDA60 /* SignUpView.swift */,
			);
			path = Login;
			sourceTree = "<group>";
		};
		D79F283224E1387B00288CBC /* Weather */ = {
			isa = PBXGroup;
			children = (
				D79F283324E1387B00288CBC /* WeeklyWeather */,
				D79F283924E1387B00288CBC /* Utilities */,
				D79F284224E1387B00288CBC /* CurrentWeather */,
				D79F284724E1387B00288CBC /* OpenWeatherAPI */,
			);
			path = Weather;
			sourceTree = "<group>";
		};
		D79F283324E1387B00288CBC /* WeeklyWeather */ = {
			isa = PBXGroup;
			children = (
				D79F283424E1387B00288CBC /* WeeklyWeatherView.swift */,
				D79F283524E1387B00288CBC /* WeeklyWeatherBuilder.swift */,
				D79F283624E1387B00288CBC /* WeeklyWeatherViewModel.swift */,
				D79F283724E1387B00288CBC /* DailyWeatherRow.swift */,
				D79F283824E1387B00288CBC /* DailyWeatherRowViewModel.swift */,
			);
			path = WeeklyWeather;
			sourceTree = "<group>";
		};
		D79F283924E1387B00288CBC /* Utilities */ = {
			isa = PBXGroup;
			children = (
				D79F283A24E1387B00288CBC /* Array Extensions */,
				D79F283C24E1387B00288CBC /* UI */,
				D79F283E24E1387B00288CBC /* Formatters */,
				D79F284024E1387B00288CBC /* Parsing */,
			);
			path = Utilities;
			sourceTree = "<group>";
		};
		D79F283A24E1387B00288CBC /* Array Extensions */ = {
			isa = PBXGroup;
			children = (
				D79F283B24E1387B00288CBC /* Array+Filtering.swift */,
			);
			path = "Array Extensions";
			sourceTree = "<group>";
		};
		D79F283C24E1387B00288CBC /* UI */ = {
			isa = PBXGroup;
			children = (
				D79F283D24E1387B00288CBC /* MapView.swift */,
			);
			path = UI;
			sourceTree = "<group>";
		};
		D79F283E24E1387B00288CBC /* Formatters */ = {
			isa = PBXGroup;
			children = (
				D79F283F24E1387B00288CBC /* Formatters.swift */,
			);
			path = Formatters;
			sourceTree = "<group>";
		};
		D79F284024E1387B00288CBC /* Parsing */ = {
			isa = PBXGroup;
			children = (
				D79F284124E1387B00288CBC /* Parsing.swift */,
			);
			path = Parsing;
			sourceTree = "<group>";
		};
		D79F284224E1387B00288CBC /* CurrentWeather */ = {
			isa = PBXGroup;
			children = (
				D79F284324E1387B00288CBC /* CurrentWeatherViewModel.swift */,
				D79F284424E1387B00288CBC /* CurrentWeatherRow.swift */,
				D79F284524E1387B00288CBC /* CurrentWeatherView.swift */,
				D79F284624E1387B00288CBC /* CurrentWeatherRowViewModel.swift */,
			);
			path = CurrentWeather;
			sourceTree = "<group>";
		};
		D79F284724E1387B00288CBC /* OpenWeatherAPI */ = {
			isa = PBXGroup;
			children = (
				D79F284824E1387B00288CBC /* WeatherError.swift */,
				D79F284924E1387B00288CBC /* Responses.swift */,
				D79F284A24E1387B00288CBC /* WeatherFetcher.swift */,
			);
			path = OpenWeatherAPI;
			sourceTree = "<group>";
		};
		D7A24E7F24E0CBC400AA1D4B /* Custom */ = {
			isa = PBXGroup;
			children = (
				D7A24E8024E0CC0E00AA1D4B /* CustomBuilder.swift */,
				D7A24E8224E0CE7100AA1D4B /* CustomModifier.swift */,
			);
			path = Custom;
			sourceTree = "<group>";
		};
		D7A4569624DD3F9900462F94 = {
			isa = PBXGroup;
			children = (
				D7A456D624DD52BF00462F94 /* Podfile */,
				D7A456D324DD40E100462F94 /* .swiftlint.yml */,
				D7A456A124DD3F9900462F94 /* SwiftUIPrograming */,
				D7A456B824DD3F9B00462F94 /* SwiftUIProgramingTests */,
				D7A456C324DD3F9B00462F94 /* SwiftUIProgramingUITests */,
				D7A456A024DD3F9900462F94 /* Products */,
				5EC3E9FBEB5F54050937310A /* Pods */,
				074BC5405B73EBD8FC81542C /* Frameworks */,
			);
			sourceTree = "<group>";
		};
		D7A456A024DD3F9900462F94 /* Products */ = {
			isa = PBXGroup;
			children = (
				D7A4569F24DD3F9900462F94 /* SwiftUIPrograming.app */,
				D7A456B524DD3F9B00462F94 /* SwiftUIProgramingTests.xctest */,
				D7A456C024DD3F9B00462F94 /* SwiftUIProgramingUITests.xctest */,
			);
			name = Products;
			sourceTree = "<group>";
		};
		D7A456A124DD3F9900462F94 /* SwiftUIPrograming */ = {
			isa = PBXGroup;
			children = (
				D782310524E487A7005EDA60 /* Login */,
				D79F283224E1387B00288CBC /* Weather */,
				D7A24E7F24E0CBC400AA1D4B /* Custom */,
				D7C8E07424DFC15D00406032 /* Lorem */,
				D7C8E06D24DFBFD500406032 /* Simple */,
				D7C8E06324DFBE5A00406032 /* Color */,
				D7A456A224DD3F9900462F94 /* AppDelegate.swift */,
				D7A456A424DD3F9900462F94 /* SceneDelegate.swift */,
				D7A456A624DD3F9900462F94 /* ContentView.swift */,
				D7A456A824DD3F9B00462F94 /* Assets.xcassets */,
				D7A456AD24DD3F9B00462F94 /* LaunchScreen.storyboard */,
				D7A456B024DD3F9B00462F94 /* Info.plist */,
				D7A456AA24DD3F9B00462F94 /* Preview Content */,
			);
			path = SwiftUIPrograming;
			sourceTree = "<group>";
		};
		D7A456AA24DD3F9B00462F94 /* Preview Content */ = {
			isa = PBXGroup;
			children = (
				D7A456AB24DD3F9B00462F94 /* Preview Assets.xcassets */,
			);
			path = "Preview Content";
			sourceTree = "<group>";
		};
		D7A456B824DD3F9B00462F94 /* SwiftUIProgramingTests */ = {
			isa = PBXGroup;
			children = (
				D7A456B924DD3F9B00462F94 /* SwiftUIProgramingTests.swift */,
				D7A456BB24DD3F9B00462F94 /* Info.plist */,
			);
			path = SwiftUIProgramingTests;
			sourceTree = "<group>";
		};
		D7A456C324DD3F9B00462F94 /* SwiftUIProgramingUITests */ = {
			isa = PBXGroup;
			children = (
				D7A456C424DD3F9B00462F94 /* SwiftUIProgramingUITests.swift */,
				D7A456C624DD3F9B00462F94 /* Info.plist */,
			);
			path = SwiftUIProgramingUITests;
			sourceTree = "<group>";
		};
		D7C8E06324DFBE5A00406032 /* Color */ = {
			isa = PBXGroup;
			children = (
				D7C8E06424DFBE5A00406032 /* DetailView.swift */,
				D7C8E06524DFBE5A00406032 /* ItemView.swift */,
				D7C8E06824DFBE6D00406032 /* ColorView.swift */,
			);
			path = Color;
			sourceTree = "<group>";
		};
		D7C8E06D24DFBFD500406032 /* Simple */ = {
			isa = PBXGroup;
			children = (
				D7C8E06E24DFBFD500406032 /* CounterView.swift */,
				D7C8E07024DFBFF200406032 /* ButtonView.swift */,
				D7C8E07224DFC03600406032 /* FormView.swift */,
			);
			path = Simple;
			sourceTree = "<group>";
		};
		D7C8E07424DFC15D00406032 /* Lorem */ = {
			isa = PBXGroup;
			children = (
				D7C8E0B924E018DA00406032 /* Model */,
				D7C8E08724DFC72600406032 /* View */,
				D7C8E08024DFC59B00406032 /* ViewModel */,
			);
			path = Lorem;
			sourceTree = "<group>";
		};
		D7C8E08024DFC59B00406032 /* ViewModel */ = {
			isa = PBXGroup;
			children = (
				D7C8E08524DFC5FC00406032 /* LoremViewModel.swift */,
			);
			path = ViewModel;
			sourceTree = "<group>";
		};
		D7C8E08724DFC72600406032 /* View */ = {
			isa = PBXGroup;
			children = (
				D7C8E08824DFC76800406032 /* LoremView.swift */,
			);
			path = View;
			sourceTree = "<group>";
		};
		D7C8E0B924E018DA00406032 /* Model */ = {
			isa = PBXGroup;
			children = (
				D7C8E0BD24E0191700406032 /* Type */,
				D7C8E0BA24E018DA00406032 /* Service */,
			);
			path = Model;
			sourceTree = "<group>";
		};
		D7C8E0BA24E018DA00406032 /* Service */ = {
			isa = PBXGroup;
			children = (
				D7C8E0BB24E018DA00406032 /* LoremService.swift */,
			);
			path = Service;
			sourceTree = "<group>";
		};
		D7C8E0BD24E0191700406032 /* Type */ = {
			isa = PBXGroup;
			children = (
			);
			path = Type;
			sourceTree = "<group>";
		};
/* End PBXGroup section */

/* Begin PBXNativeTarget section */
		D7A4569E24DD3F9900462F94 /* SwiftUIPrograming */ = {
			isa = PBXNativeTarget;
			buildConfigurationList = D7A456C924DD3F9B00462F94 /* Build configuration list for PBXNativeTarget "SwiftUIPrograming" */;
			buildPhases = (
				7DDBE00F79CFCDA1896797F1 /* [CP] Check Pods Manifest.lock */,
				D7A456D524DD443D00462F94 /* Formatter */,
				D7A4569B24DD3F9900462F94 /* Sources */,
				D7A4569C24DD3F9900462F94 /* Frameworks */,
				D7A4569D24DD3F9900462F94 /* Resources */,
				D7A456D224DD3FB400462F94 /* Lint */,
			);
			buildRules = (
			);
			dependencies = (
			);
			name = SwiftUIPrograming;
			productName = SwiftUIPrograming;
			productReference = D7A4569F24DD3F9900462F94 /* SwiftUIPrograming.app */;
			productType = "com.apple.product-type.application";
		};
		D7A456B424DD3F9B00462F94 /* SwiftUIProgramingTests */ = {
			isa = PBXNativeTarget;
			buildConfigurationList = D7A456CC24DD3F9B00462F94 /* Build configuration list for PBXNativeTarget "SwiftUIProgramingTests" */;
			buildPhases = (
				EFCB9C426365426C0ADA7926 /* [CP] Check Pods Manifest.lock */,
				D7A456B124DD3F9B00462F94 /* Sources */,
				D7A456B224DD3F9B00462F94 /* Frameworks */,
				D7A456B324DD3F9B00462F94 /* Resources */,
			);
			buildRules = (
			);
			dependencies = (
				D7A456B724DD3F9B00462F94 /* PBXTargetDependency */,
			);
			name = SwiftUIProgramingTests;
			productName = SwiftUIProgramingTests;
			productReference = D7A456B524DD3F9B00462F94 /* SwiftUIProgramingTests.xctest */;
			productType = "com.apple.product-type.bundle.unit-test";
		};
		D7A456BF24DD3F9B00462F94 /* SwiftUIProgramingUITests */ = {
			isa = PBXNativeTarget;
			buildConfigurationList = D7A456CF24DD3F9B00462F94 /* Build configuration list for PBXNativeTarget "SwiftUIProgramingUITests" */;
			buildPhases = (
				432C53ED19E35FAD257EA8E4 /* [CP] Check Pods Manifest.lock */,
				D7A456BC24DD3F9B00462F94 /* Sources */,
				D7A456BD24DD3F9B00462F94 /* Frameworks */,
				D7A456BE24DD3F9B00462F94 /* Resources */,
			);
			buildRules = (
			);
			dependencies = (
				D7A456C224DD3F9B00462F94 /* PBXTargetDependency */,
			);
			name = SwiftUIProgramingUITests;
			productName = SwiftUIProgramingUITests;
			productReference = D7A456C024DD3F9B00462F94 /* SwiftUIProgramingUITests.xctest */;
			productType = "com.apple.product-type.bundle.ui-testing";
		};
/* End PBXNativeTarget section */

/* Begin PBXProject section */
		D7A4569724DD3F9900462F94 /* Project object */ = {
			isa = PBXProject;
			attributes = {
				LastSwiftUpdateCheck = 1150;
				LastUpgradeCheck = 1150;
				ORGANIZATIONNAME = "開発";
				TargetAttributes = {
					D7A4569E24DD3F9900462F94 = {
						CreatedOnToolsVersion = 11.5;
					};
					D7A456B424DD3F9B00462F94 = {
						CreatedOnToolsVersion = 11.5;
						TestTargetID = D7A4569E24DD3F9900462F94;
					};
					D7A456BF24DD3F9B00462F94 = {
						CreatedOnToolsVersion = 11.5;
						TestTargetID = D7A4569E24DD3F9900462F94;
					};
				};
			};
			buildConfigurationList = D7A4569A24DD3F9900462F94 /* Build configuration list for PBXProject "SwiftUIPrograming" */;
			compatibilityVersion = "Xcode 9.3";
			developmentRegion = en;
			hasScannedForEncodings = 0;
			knownRegions = (
				en,
				Base,
			);
			mainGroup = D7A4569624DD3F9900462F94;
			productRefGroup = D7A456A024DD3F9900462F94 /* Products */;
			projectDirPath = "";
			projectRoot = "";
			targets = (
				D7A4569E24DD3F9900462F94 /* SwiftUIPrograming */,
				D7A456B424DD3F9B00462F94 /* SwiftUIProgramingTests */,
				D7A456BF24DD3F9B00462F94 /* SwiftUIProgramingUITests */,
			);
		};
/* End PBXProject section */

/* Begin PBXResourcesBuildPhase section */
		D7A4569D24DD3F9900462F94 /* Resources */ = {
			isa = PBXResourcesBuildPhase;
			buildActionMask = 2147483647;
			files = (
				D7A456D724DD52BF00462F94 /* Podfile in Resources */,
				D7A456D424DD40E100462F94 /* .swiftlint.yml in Resources */,
				D7A456AF24DD3F9B00462F94 /* LaunchScreen.storyboard in Resources */,
				D7A456AC24DD3F9B00462F94 /* Preview Assets.xcassets in Resources */,
				D7A456A924DD3F9B00462F94 /* Assets.xcassets in Resources */,
			);
			runOnlyForDeploymentPostprocessing = 0;
		};
		D7A456B324DD3F9B00462F94 /* Resources */ = {
			isa = PBXResourcesBuildPhase;
			buildActionMask = 2147483647;
			files = (
			);
			runOnlyForDeploymentPostprocessing = 0;
		};
		D7A456BE24DD3F9B00462F94 /* Resources */ = {
			isa = PBXResourcesBuildPhase;
			buildActionMask = 2147483647;
			files = (
			);
			runOnlyForDeploymentPostprocessing = 0;
		};
/* End PBXResourcesBuildPhase section */

/* Begin PBXShellScriptBuildPhase section */
		432C53ED19E35FAD257EA8E4 /* [CP] Check Pods Manifest.lock */ = {
			isa = PBXShellScriptBuildPhase;
			buildActionMask = 2147483647;
			files = (
			);
			inputFileListPaths = (
			);
			inputPaths = (
				"${PODS_PODFILE_DIR_PATH}/Podfile.lock",
				"${PODS_ROOT}/Manifest.lock",
			);
			name = "[CP] Check Pods Manifest.lock";
			outputFileListPaths = (
			);
			outputPaths = (
				"$(DERIVED_FILE_DIR)/Pods-SwiftUIPrograming-SwiftUIProgramingUITests-checkManifestLockResult.txt",
			);
			runOnlyForDeploymentPostprocessing = 0;
			shellPath = /bin/sh;
			shellScript = "diff \"${PODS_PODFILE_DIR_PATH}/Podfile.lock\" \"${PODS_ROOT}/Manifest.lock\" > /dev/null\nif [ $? != 0 ] ; then\n    # print error to STDERR\n    echo \"error: The sandbox is not in sync with the Podfile.lock. Run 'pod install' or update your CocoaPods installation.\" >&2\n    exit 1\nfi\n# This output is used by Xcode 'outputs' to avoid re-running this script phase.\necho \"SUCCESS\" > \"${SCRIPT_OUTPUT_FILE_0}\"\n";
			showEnvVarsInLog = 0;
		};
		7DDBE00F79CFCDA1896797F1 /* [CP] Check Pods Manifest.lock */ = {
			isa = PBXShellScriptBuildPhase;
			buildActionMask = 2147483647;
			files = (
			);
			inputFileListPaths = (
			);
			inputPaths = (
				"${PODS_PODFILE_DIR_PATH}/Podfile.lock",
				"${PODS_ROOT}/Manifest.lock",
			);
			name = "[CP] Check Pods Manifest.lock";
			outputFileListPaths = (
			);
			outputPaths = (
				"$(DERIVED_FILE_DIR)/Pods-SwiftUIPrograming-checkManifestLockResult.txt",
			);
			runOnlyForDeploymentPostprocessing = 0;
			shellPath = /bin/sh;
			shellScript = "diff \"${PODS_PODFILE_DIR_PATH}/Podfile.lock\" \"${PODS_ROOT}/Manifest.lock\" > /dev/null\nif [ $? != 0 ] ; then\n    # print error to STDERR\n    echo \"error: The sandbox is not in sync with the Podfile.lock. Run 'pod install' or update your CocoaPods installation.\" >&2\n    exit 1\nfi\n# This output is used by Xcode 'outputs' to avoid re-running this script phase.\necho \"SUCCESS\" > \"${SCRIPT_OUTPUT_FILE_0}\"\n";
			showEnvVarsInLog = 0;
		};
		D7A456D224DD3FB400462F94 /* Lint */ = {
			isa = PBXShellScriptBuildPhase;
			buildActionMask = 2147483647;
			files = (
			);
			inputFileListPaths = (
			);
			inputPaths = (
			);
			name = Lint;
			outputFileListPaths = (
			);
			outputPaths = (
			);
			runOnlyForDeploymentPostprocessing = 0;
			shellPath = /bin/sh;
			shellScript = "# Type a script or drag a script file from your workspace to insert its path.\n\"${PODS_ROOT}/SwiftLint/swiftlint\" autocorrect --format\n";
		};
		D7A456D524DD443D00462F94 /* Formatter */ = {
			isa = PBXShellScriptBuildPhase;
			buildActionMask = 2147483647;
			files = (
			);
			inputFileListPaths = (
			);
			inputPaths = (
			);
			name = Formatter;
			outputFileListPaths = (
			);
			outputPaths = (
			);
			runOnlyForDeploymentPostprocessing = 0;
			shellPath = /bin/sh;
			shellScript = "# Type a script or drag a script file from your workspace to insert its path.\n\"${PODS_ROOT}/SwiftFormat/CommandLineTool/swiftformat\" . --swiftversion 5.2.4 --exclude Carthage,Pods --stripunusedargs closure-only --disable strongOutlets,trailingCommas\n";
		};
		EFCB9C426365426C0ADA7926 /* [CP] Check Pods Manifest.lock */ = {
			isa = PBXShellScriptBuildPhase;
			buildActionMask = 2147483647;
			files = (
			);
			inputFileListPaths = (
			);
			inputPaths = (
				"${PODS_PODFILE_DIR_PATH}/Podfile.lock",
				"${PODS_ROOT}/Manifest.lock",
			);
			name = "[CP] Check Pods Manifest.lock";
			outputFileListPaths = (
			);
			outputPaths = (
				"$(DERIVED_FILE_DIR)/Pods-SwiftUIProgramingTests-checkManifestLockResult.txt",
			);
			runOnlyForDeploymentPostprocessing = 0;
			shellPath = /bin/sh;
			shellScript = "diff \"${PODS_PODFILE_DIR_PATH}/Podfile.lock\" \"${PODS_ROOT}/Manifest.lock\" > /dev/null\nif [ $? != 0 ] ; then\n    # print error to STDERR\n    echo \"error: The sandbox is not in sync with the Podfile.lock. Run 'pod install' or update your CocoaPods installation.\" >&2\n    exit 1\nfi\n# This output is used by Xcode 'outputs' to avoid re-running this script phase.\necho \"SUCCESS\" > \"${SCRIPT_OUTPUT_FILE_0}\"\n";
			showEnvVarsInLog = 0;
		};
/* End PBXShellScriptBuildPhase section */

/* Begin PBXSourcesBuildPhase section */
		D7A4569B24DD3F9900462F94 /* Sources */ = {
			isa = PBXSourcesBuildPhase;
			buildActionMask = 2147483647;
			files = (
				D7C8E06924DFBE6D00406032 /* ColorView.swift in Sources */,
				D79F284F24E1387B00288CBC /* DailyWeatherRowViewModel.swift in Sources */,
				D79F285224E1387B00288CBC /* Formatters.swift in Sources */,
				D7A24E8324E0CE7100AA1D4B /* CustomModifier.swift in Sources */,
				D782310724E487C9005EDA60 /* ViewModelObject.swift in Sources */,
				D79F285524E1387B00288CBC /* CurrentWeatherRow.swift in Sources */,
				D79F285724E1387B00288CBC /* CurrentWeatherRowViewModel.swift in Sources */,
				D79F285A24E1387B00288CBC /* WeatherFetcher.swift in Sources */,
				D79F284D24E1387B00288CBC /* WeeklyWeatherViewModel.swift in Sources */,
				D79F285324E1387B00288CBC /* Parsing.swift in Sources */,
				D7A456A324DD3F9900462F94 /* AppDelegate.swift in Sources */,
				D7C8E07124DFBFF200406032 /* ButtonView.swift in Sources */,
				D7A24E8124E0CC0E00AA1D4B /* CustomBuilder.swift in Sources */,
				D79F285124E1387B00288CBC /* MapView.swift in Sources */,
				D7C8E08924DFC76800406032 /* LoremView.swift in Sources */,
				D7C8E06624DFBE5A00406032 /* DetailView.swift in Sources */,
				D782310B24E488A9005EDA60 /* SignUpView.swift in Sources */,
				D7C8E06F24DFBFD600406032 /* CounterView.swift in Sources */,
				D79F285024E1387B00288CBC /* Array+Filtering.swift in Sources */,
				D782310924E48875005EDA60 /* SignUpViewModel.swift in Sources */,
				D7A456A524DD3F9900462F94 /* SceneDelegate.swift in Sources */,
				D7C8E07324DFC03600406032 /* FormView.swift in Sources */,
				D79F285924E1387B00288CBC /* Responses.swift in Sources */,
				D79F284B24E1387B00288CBC /* WeeklyWeatherView.swift in Sources */,
				D7C8E06724DFBE5A00406032 /* ItemView.swift in Sources */,
				D7A456A724DD3F9900462F94 /* ContentView.swift in Sources */,
				D79F284C24E1387B00288CBC /* WeeklyWeatherBuilder.swift in Sources */,
				D79F285624E1387B00288CBC /* CurrentWeatherView.swift in Sources */,
				D7C8E0BC24E018DA00406032 /* LoremService.swift in Sources */,
				D7C8E08624DFC5FC00406032 /* LoremViewModel.swift in Sources */,
				D79F284E24E1387B00288CBC /* DailyWeatherRow.swift in Sources */,
				D79F285424E1387B00288CBC /* CurrentWeatherViewModel.swift in Sources */,
				D79F285824E1387B00288CBC /* WeatherError.swift in Sources */,
			);
			runOnlyForDeploymentPostprocessing = 0;
		};
		D7A456B124DD3F9B00462F94 /* Sources */ = {
			isa = PBXSourcesBuildPhase;
			buildActionMask = 2147483647;
			files = (
				D7A456BA24DD3F9B00462F94 /* SwiftUIProgramingTests.swift in Sources */,
			);
			runOnlyForDeploymentPostprocessing = 0;
		};
		D7A456BC24DD3F9B00462F94 /* Sources */ = {
			isa = PBXSourcesBuildPhase;
			buildActionMask = 2147483647;
			files = (
				D7A456C524DD3F9B00462F94 /* SwiftUIProgramingUITests.swift in Sources */,
			);
			runOnlyForDeploymentPostprocessing = 0;
		};
/* End PBXSourcesBuildPhase section */

/* Begin PBXTargetDependency section */
		D7A456B724DD3F9B00462F94 /* PBXTargetDependency */ = {
			isa = PBXTargetDependency;
			target = D7A4569E24DD3F9900462F94 /* SwiftUIPrograming */;
			targetProxy = D7A456B624DD3F9B00462F94 /* PBXContainerItemProxy */;
		};
		D7A456C224DD3F9B00462F94 /* PBXTargetDependency */ = {
			isa = PBXTargetDependency;
			target = D7A4569E24DD3F9900462F94 /* SwiftUIPrograming */;
			targetProxy = D7A456C124DD3F9B00462F94 /* PBXContainerItemProxy */;
		};
/* End PBXTargetDependency section */

/* Begin PBXVariantGroup section */
		D7A456AD24DD3F9B00462F94 /* LaunchScreen.storyboard */ = {
			isa = PBXVariantGroup;
			children = (
				D7A456AE24DD3F9B00462F94 /* Base */,
			);
			name = LaunchScreen.storyboard;
			sourceTree = "<group>";
		};
/* End PBXVariantGroup section */

/* Begin XCBuildConfiguration section */
		D7A456C724DD3F9B00462F94 /* Debug */ = {
			isa = XCBuildConfiguration;
			buildSettings = {
				ALWAYS_SEARCH_USER_PATHS = NO;
				CLANG_ANALYZER_NONNULL = YES;
				CLANG_ANALYZER_NUMBER_OBJECT_CONVERSION = YES_AGGRESSIVE;
				CLANG_CXX_LANGUAGE_STANDARD = "gnu++14";
				CLANG_CXX_LIBRARY = "libc++";
				CLANG_ENABLE_MODULES = YES;
				CLANG_ENABLE_OBJC_ARC = YES;
				CLANG_ENABLE_OBJC_WEAK = YES;
				CLANG_WARN_BLOCK_CAPTURE_AUTORELEASING = YES;
				CLANG_WARN_BOOL_CONVERSION = YES;
				CLANG_WARN_COMMA = YES;
				CLANG_WARN_CONSTANT_CONVERSION = YES;
				CLANG_WARN_DEPRECATED_OBJC_IMPLEMENTATIONS = YES;
				CLANG_WARN_DIRECT_OBJC_ISA_USAGE = YES_ERROR;
				CLANG_WARN_DOCUMENTATION_COMMENTS = YES;
				CLANG_WARN_EMPTY_BODY = YES;
				CLANG_WARN_ENUM_CONVERSION = YES;
				CLANG_WARN_INFINITE_RECURSION = YES;
				CLANG_WARN_INT_CONVERSION = YES;
				CLANG_WARN_NON_LITERAL_NULL_CONVERSION = YES;
				CLANG_WARN_OBJC_IMPLICIT_RETAIN_SELF = YES;
				CLANG_WARN_OBJC_LITERAL_CONVERSION = YES;
				CLANG_WARN_OBJC_ROOT_CLASS = YES_ERROR;
				CLANG_WARN_RANGE_LOOP_ANALYSIS = YES;
				CLANG_WARN_STRICT_PROTOTYPES = YES;
				CLANG_WARN_SUSPICIOUS_MOVE = YES;
				CLANG_WARN_UNGUARDED_AVAILABILITY = YES_AGGRESSIVE;
				CLANG_WARN_UNREACHABLE_CODE = YES;
				CLANG_WARN__DUPLICATE_METHOD_MATCH = YES;
				COPY_PHASE_STRIP = NO;
				DEBUG_INFORMATION_FORMAT = dwarf;
				ENABLE_STRICT_OBJC_MSGSEND = YES;
				ENABLE_TESTABILITY = YES;
				GCC_C_LANGUAGE_STANDARD = gnu11;
				GCC_DYNAMIC_NO_PIC = NO;
				GCC_NO_COMMON_BLOCKS = YES;
				GCC_OPTIMIZATION_LEVEL = 0;
				GCC_PREPROCESSOR_DEFINITIONS = (
					"DEBUG=1",
					"$(inherited)",
				);
				GCC_WARN_64_TO_32_BIT_CONVERSION = YES;
				GCC_WARN_ABOUT_RETURN_TYPE = YES_ERROR;
				GCC_WARN_UNDECLARED_SELECTOR = YES;
				GCC_WARN_UNINITIALIZED_AUTOS = YES_AGGRESSIVE;
				GCC_WARN_UNUSED_FUNCTION = YES;
				GCC_WARN_UNUSED_VARIABLE = YES;
				IPHONEOS_DEPLOYMENT_TARGET = 13.5;
				MTL_ENABLE_DEBUG_INFO = INCLUDE_SOURCE;
				MTL_FAST_MATH = YES;
				ONLY_ACTIVE_ARCH = YES;
				SDKROOT = iphoneos;
				SWIFT_ACTIVE_COMPILATION_CONDITIONS = DEBUG;
				SWIFT_OPTIMIZATION_LEVEL = "-Onone";
			};
			name = Debug;
		};
		D7A456C824DD3F9B00462F94 /* Release */ = {
			isa = XCBuildConfiguration;
			buildSettings = {
				ALWAYS_SEARCH_USER_PATHS = NO;
				CLANG_ANALYZER_NONNULL = YES;
				CLANG_ANALYZER_NUMBER_OBJECT_CONVERSION = YES_AGGRESSIVE;
				CLANG_CXX_LANGUAGE_STANDARD = "gnu++14";
				CLANG_CXX_LIBRARY = "libc++";
				CLANG_ENABLE_MODULES = YES;
				CLANG_ENABLE_OBJC_ARC = YES;
				CLANG_ENABLE_OBJC_WEAK = YES;
				CLANG_WARN_BLOCK_CAPTURE_AUTORELEASING = YES;
				CLANG_WARN_BOOL_CONVERSION = YES;
				CLANG_WARN_COMMA = YES;
				CLANG_WARN_CONSTANT_CONVERSION = YES;
				CLANG_WARN_DEPRECATED_OBJC_IMPLEMENTATIONS = YES;
				CLANG_WARN_DIRECT_OBJC_ISA_USAGE = YES_ERROR;
				CLANG_WARN_DOCUMENTATION_COMMENTS = YES;
				CLANG_WARN_EMPTY_BODY = YES;
				CLANG_WARN_ENUM_CONVERSION = YES;
				CLANG_WARN_INFINITE_RECURSION = YES;
				CLANG_WARN_INT_CONVERSION = YES;
				CLANG_WARN_NON_LITERAL_NULL_CONVERSION = YES;
				CLANG_WARN_OBJC_IMPLICIT_RETAIN_SELF = YES;
				CLANG_WARN_OBJC_LITERAL_CONVERSION = YES;
				CLANG_WARN_OBJC_ROOT_CLASS = YES_ERROR;
				CLANG_WARN_RANGE_LOOP_ANALYSIS = YES;
				CLANG_WARN_STRICT_PROTOTYPES = YES;
				CLANG_WARN_SUSPICIOUS_MOVE = YES;
				CLANG_WARN_UNGUARDED_AVAILABILITY = YES_AGGRESSIVE;
				CLANG_WARN_UNREACHABLE_CODE = YES;
				CLANG_WARN__DUPLICATE_METHOD_MATCH = YES;
				COPY_PHASE_STRIP = NO;
				DEBUG_INFORMATION_FORMAT = "dwarf-with-dsym";
				ENABLE_NS_ASSERTIONS = NO;
				ENABLE_STRICT_OBJC_MSGSEND = YES;
				GCC_C_LANGUAGE_STANDARD = gnu11;
				GCC_NO_COMMON_BLOCKS = YES;
				GCC_WARN_64_TO_32_BIT_CONVERSION = YES;
				GCC_WARN_ABOUT_RETURN_TYPE = YES_ERROR;
				GCC_WARN_UNDECLARED_SELECTOR = YES;
				GCC_WARN_UNINITIALIZED_AUTOS = YES_AGGRESSIVE;
				GCC_WARN_UNUSED_FUNCTION = YES;
				GCC_WARN_UNUSED_VARIABLE = YES;
				IPHONEOS_DEPLOYMENT_TARGET = 13.5;
				MTL_ENABLE_DEBUG_INFO = NO;
				MTL_FAST_MATH = YES;
				SDKROOT = iphoneos;
				SWIFT_COMPILATION_MODE = wholemodule;
				SWIFT_OPTIMIZATION_LEVEL = "-O";
				VALIDATE_PRODUCT = YES;
			};
			name = Release;
		};
		D7A456CA24DD3F9B00462F94 /* Debug */ = {
			isa = XCBuildConfiguration;
			baseConfigurationReference = 2D566CB0BBB04AA999D1B167 /* Pods-SwiftUIPrograming.debug.xcconfig */;
			buildSettings = {
				ASSETCATALOG_COMPILER_APPICON_NAME = AppIcon;
				CODE_SIGN_STYLE = Automatic;
				DEVELOPMENT_ASSET_PATHS = "\"SwiftUIPrograming/Preview Content\"";
				DEVELOPMENT_TEAM = ZQ7SFVB57U;
				ENABLE_PREVIEWS = YES;
				INFOPLIST_FILE = SwiftUIPrograming/Info.plist;
				LD_RUNPATH_SEARCH_PATHS = (
					"$(inherited)",
					"@executable_path/Frameworks",
				);
				PRODUCT_BUNDLE_IDENTIFIER = com.ampersand.SwiftUIPrograming;
				PRODUCT_NAME = "$(TARGET_NAME)";
				SWIFT_VERSION = 5.0;
				TARGETED_DEVICE_FAMILY = "1,2";
			};
			name = Debug;
		};
		D7A456CB24DD3F9B00462F94 /* Release */ = {
			isa = XCBuildConfiguration;
			baseConfigurationReference = 3C3489B70EF333D6FA04D76A /* Pods-SwiftUIPrograming.release.xcconfig */;
			buildSettings = {
				ASSETCATALOG_COMPILER_APPICON_NAME = AppIcon;
				CODE_SIGN_STYLE = Automatic;
				DEVELOPMENT_ASSET_PATHS = "\"SwiftUIPrograming/Preview Content\"";
				DEVELOPMENT_TEAM = ZQ7SFVB57U;
				ENABLE_PREVIEWS = YES;
				INFOPLIST_FILE = SwiftUIPrograming/Info.plist;
				LD_RUNPATH_SEARCH_PATHS = (
					"$(inherited)",
					"@executable_path/Frameworks",
				);
				PRODUCT_BUNDLE_IDENTIFIER = com.ampersand.SwiftUIPrograming;
				PRODUCT_NAME = "$(TARGET_NAME)";
				SWIFT_VERSION = 5.0;
				TARGETED_DEVICE_FAMILY = "1,2";
			};
			name = Release;
		};
		D7A456CD24DD3F9B00462F94 /* Debug */ = {
			isa = XCBuildConfiguration;
			baseConfigurationReference = 0F521FB8C31A5BFDF41027C7 /* Pods-SwiftUIProgramingTests.debug.xcconfig */;
			buildSettings = {
				ALWAYS_EMBED_SWIFT_STANDARD_LIBRARIES = YES;
				BUNDLE_LOADER = "$(TEST_HOST)";
				CODE_SIGN_STYLE = Automatic;
				DEVELOPMENT_TEAM = ZQ7SFVB57U;
				INFOPLIST_FILE = SwiftUIProgramingTests/Info.plist;
				IPHONEOS_DEPLOYMENT_TARGET = 13.5;
				LD_RUNPATH_SEARCH_PATHS = (
					"$(inherited)",
					"@executable_path/Frameworks",
					"@loader_path/Frameworks",
				);
				PRODUCT_BUNDLE_IDENTIFIER = com.ampersand.SwiftUIProgramingTests;
				PRODUCT_NAME = "$(TARGET_NAME)";
				SWIFT_VERSION = 5.0;
				TARGETED_DEVICE_FAMILY = "1,2";
				TEST_HOST = "$(BUILT_PRODUCTS_DIR)/SwiftUIPrograming.app/SwiftUIPrograming";
			};
			name = Debug;
		};
		D7A456CE24DD3F9B00462F94 /* Release */ = {
			isa = XCBuildConfiguration;
			baseConfigurationReference = A46F18E92607E2D1F5A9FCFF /* Pods-SwiftUIProgramingTests.release.xcconfig */;
			buildSettings = {
				ALWAYS_EMBED_SWIFT_STANDARD_LIBRARIES = YES;
				BUNDLE_LOADER = "$(TEST_HOST)";
				CODE_SIGN_STYLE = Automatic;
				DEVELOPMENT_TEAM = ZQ7SFVB57U;
				INFOPLIST_FILE = SwiftUIProgramingTests/Info.plist;
				IPHONEOS_DEPLOYMENT_TARGET = 13.5;
				LD_RUNPATH_SEARCH_PATHS = (
					"$(inherited)",
					"@executable_path/Frameworks",
					"@loader_path/Frameworks",
				);
				PRODUCT_BUNDLE_IDENTIFIER = com.ampersand.SwiftUIProgramingTests;
				PRODUCT_NAME = "$(TARGET_NAME)";
				SWIFT_VERSION = 5.0;
				TARGETED_DEVICE_FAMILY = "1,2";
				TEST_HOST = "$(BUILT_PRODUCTS_DIR)/SwiftUIPrograming.app/SwiftUIPrograming";
			};
			name = Release;
		};
		D7A456D024DD3F9B00462F94 /* Debug */ = {
			isa = XCBuildConfiguration;
			baseConfigurationReference = 8DD3172B30617643C7E43F2F /* Pods-SwiftUIPrograming-SwiftUIProgramingUITests.debug.xcconfig */;
			buildSettings = {
				ALWAYS_EMBED_SWIFT_STANDARD_LIBRARIES = YES;
				CODE_SIGN_STYLE = Automatic;
				DEVELOPMENT_TEAM = ZQ7SFVB57U;
				INFOPLIST_FILE = SwiftUIProgramingUITests/Info.plist;
				LD_RUNPATH_SEARCH_PATHS = (
					"$(inherited)",
					"@executable_path/Frameworks",
					"@loader_path/Frameworks",
				);
				PRODUCT_BUNDLE_IDENTIFIER = com.ampersand.SwiftUIProgramingUITests;
				PRODUCT_NAME = "$(TARGET_NAME)";
				SWIFT_VERSION = 5.0;
				TARGETED_DEVICE_FAMILY = "1,2";
				TEST_TARGET_NAME = SwiftUIPrograming;
			};
			name = Debug;
		};
		D7A456D124DD3F9B00462F94 /* Release */ = {
			isa = XCBuildConfiguration;
			baseConfigurationReference = A6FF9A51F832944AAF250B3D /* Pods-SwiftUIPrograming-SwiftUIProgramingUITests.release.xcconfig */;
			buildSettings = {
				ALWAYS_EMBED_SWIFT_STANDARD_LIBRARIES = YES;
				CODE_SIGN_STYLE = Automatic;
				DEVELOPMENT_TEAM = ZQ7SFVB57U;
				INFOPLIST_FILE = SwiftUIProgramingUITests/Info.plist;
				LD_RUNPATH_SEARCH_PATHS = (
					"$(inherited)",
					"@executable_path/Frameworks",
					"@loader_path/Frameworks",
				);
				PRODUCT_BUNDLE_IDENTIFIER = com.ampersand.SwiftUIProgramingUITests;
				PRODUCT_NAME = "$(TARGET_NAME)";
				SWIFT_VERSION = 5.0;
				TARGETED_DEVICE_FAMILY = "1,2";
				TEST_TARGET_NAME = SwiftUIPrograming;
			};
			name = Release;
		};
/* End XCBuildConfiguration section */

/* Begin XCConfigurationList section */
		D7A4569A24DD3F9900462F94 /* Build configuration list for PBXProject "SwiftUIPrograming" */ = {
			isa = XCConfigurationList;
			buildConfigurations = (
				D7A456C724DD3F9B00462F94 /* Debug */,
				D7A456C824DD3F9B00462F94 /* Release */,
			);
			defaultConfigurationIsVisible = 0;
			defaultConfigurationName = Release;
		};
		D7A456C924DD3F9B00462F94 /* Build configuration list for PBXNativeTarget "SwiftUIPrograming" */ = {
			isa = XCConfigurationList;
			buildConfigurations = (
				D7A456CA24DD3F9B00462F94 /* Debug */,
				D7A456CB24DD3F9B00462F94 /* Release */,
			);
			defaultConfigurationIsVisible = 0;
			defaultConfigurationName = Release;
		};
		D7A456CC24DD3F9B00462F94 /* Build configuration list for PBXNativeTarget "SwiftUIProgramingTests" */ = {
			isa = XCConfigurationList;
			buildConfigurations = (
				D7A456CD24DD3F9B00462F94 /* Debug */,
				D7A456CE24DD3F9B00462F94 /* Release */,
			);
			defaultConfigurationIsVisible = 0;
			defaultConfigurationName = Release;
		};
		D7A456CF24DD3F9B00462F94 /* Build configuration list for PBXNativeTarget "SwiftUIProgramingUITests" */ = {
			isa = XCConfigurationList;
			buildConfigurations = (
				D7A456D024DD3F9B00462F94 /* Debug */,
				D7A456D124DD3F9B00462F94 /* Release */,
			);
			defaultConfigurationIsVisible = 0;
			defaultConfigurationName = Release;
		};
/* End XCConfigurationList section */
	};
	rootObject = D7A4569724DD3F9900462F94 /* Project object */;
}
